// !$*UTF8*$!
{
	archiveVersion = 1;
	classes = {
	};
	objectVersion = 46;
	objects = {

/* Begin PBXBuildFile section */
		0A1B42E616218F250022AAB5 /* CrappDetailViewController.m in Sources */ = {isa = PBXBuildFile; fileRef = 0A1B42E416218F250022AAB5 /* CrappDetailViewController.m */; };
		0A1B42E716218F250022AAB5 /* CrappDetailViewController.xib in Resources */ = {isa = PBXBuildFile; fileRef = 0A1B42E516218F250022AAB5 /* CrappDetailViewController.xib */; };
		0A1B42EB162193EA0022AAB5 /* CrappRateViewController.m in Sources */ = {isa = PBXBuildFile; fileRef = 0A1B42E9162193EA0022AAB5 /* CrappRateViewController.m */; };
		0A1B42EC162193EA0022AAB5 /* CrappRateViewController.xib in Resources */ = {isa = PBXBuildFile; fileRef = 0A1B42EA162193EA0022AAB5 /* CrappRateViewController.xib */; };
		0A1B42F016219EB80022AAB5 /* CrappAddBathroomViewController.m in Sources */ = {isa = PBXBuildFile; fileRef = 0A1B42EE16219EB80022AAB5 /* CrappAddBathroomViewController.m */; };
		0A1B42F116219EB80022AAB5 /* CrappAddBathroomViewController.xib in Resources */ = {isa = PBXBuildFile; fileRef = 0A1B42EF16219EB80022AAB5 /* CrappAddBathroomViewController.xib */; };
		0A1B42F41621A1C30022AAB5 /* CrappCheckBoxView.m in Sources */ = {isa = PBXBuildFile; fileRef = 0A1B42F31621A1C30022AAB5 /* CrappCheckBoxView.m */; };
		0A1B42F61621BB5A0022AAB5 /* background.png in Resources */ = {isa = PBXBuildFile; fileRef = 0A1B42F51621BB5A0022AAB5 /* background.png */; };
		0A1B42F91621C11C0022AAB5 /* Icon-VirtualStall.png in Resources */ = {isa = PBXBuildFile; fileRef = 0A1B42F71621C11C0022AAB5 /* Icon-VirtualStall.png */; };
		0A1B42FA1621C11C0022AAB5 /* Icon-VirtualStall@2x.png in Resources */ = {isa = PBXBuildFile; fileRef = 0A1B42F81621C11C0022AAB5 /* Icon-VirtualStall@2x.png */; };
		0A27CEE01620623300189813 /* UIKit.framework in Frameworks */ = {isa = PBXBuildFile; fileRef = 0A27CEDF1620623300189813 /* UIKit.framework */; };
		0A27CEE21620623300189813 /* Foundation.framework in Frameworks */ = {isa = PBXBuildFile; fileRef = 0A27CEE11620623300189813 /* Foundation.framework */; };
		0A27CEE41620623300189813 /* CoreGraphics.framework in Frameworks */ = {isa = PBXBuildFile; fileRef = 0A27CEE31620623300189813 /* CoreGraphics.framework */; };
		0A27CEEA1620623300189813 /* InfoPlist.strings in Resources */ = {isa = PBXBuildFile; fileRef = 0A27CEE81620623300189813 /* InfoPlist.strings */; };
		0A27CEEC1620623300189813 /* main.m in Sources */ = {isa = PBXBuildFile; fileRef = 0A27CEEB1620623300189813 /* main.m */; };
		0A27CEF01620623300189813 /* CrappAppDelegate.m in Sources */ = {isa = PBXBuildFile; fileRef = 0A27CEEF1620623300189813 /* CrappAppDelegate.m */; };
		0A27CEF41620623300189813 /* Default@2x.png in Resources */ = {isa = PBXBuildFile; fileRef = 0A27CEF31620623300189813 /* Default@2x.png */; };
		0A27CEF61620623300189813 /* Default-568h@2x.png in Resources */ = {isa = PBXBuildFile; fileRef = 0A27CEF51620623300189813 /* Default-568h@2x.png */; };
		0A27CEF91620623300189813 /* CrappViewController.m in Sources */ = {isa = PBXBuildFile; fileRef = 0A27CEF81620623300189813 /* CrappViewController.m */; };
		0A27CEFC1620623300189813 /* CrappViewController_iPhone.xib in Resources */ = {isa = PBXBuildFile; fileRef = 0A27CEFA1620623300189813 /* CrappViewController_iPhone.xib */; };
		0A27CEFF1620623300189813 /* CrappViewController_iPad.xib in Resources */ = {isa = PBXBuildFile; fileRef = 0A27CEFD1620623300189813 /* CrappViewController_iPad.xib */; };
		0A27CF0D162062DB00189813 /* ESPN.framework in Frameworks */ = {isa = PBXBuildFile; fileRef = 0A27CF0C162062DB00189813 /* ESPN.framework */; };
		0A27CF0F162062F300189813 /* CoreData.framework in Frameworks */ = {isa = PBXBuildFile; fileRef = 0A27CF0E162062F300189813 /* CoreData.framework */; };
		0A27CF11162062F900189813 /* SystemConfiguration.framework in Frameworks */ = {isa = PBXBuildFile; fileRef = 0A27CF10162062F900189813 /* SystemConfiguration.framework */; };
		0A27CF171620739B00189813 /* Security.framework in Frameworks */ = {isa = PBXBuildFile; fileRef = 0A27CF161620739B00189813 /* Security.framework */; };
		0A27CF1A162073A900189813 /* CoreTelephony.framework in Frameworks */ = {isa = PBXBuildFile; fileRef = 0A27CF19162073A900189813 /* CoreTelephony.framework */; };
		0A27CF21162075A800189813 /* CrappGottaGoViewController.m in Sources */ = {isa = PBXBuildFile; fileRef = 0A27CF1F162075A800189813 /* CrappGottaGoViewController.m */; };
		0A27CF22162075A800189813 /* CrappGottaGoViewController.xib in Resources */ = {isa = PBXBuildFile; fileRef = 0A27CF20162075A800189813 /* CrappGottaGoViewController.xib */; };
		0A27CF2B1620767000189813 /* CrappSearchViewController.m in Sources */ = {isa = PBXBuildFile; fileRef = 0A27CF291620767000189813 /* CrappSearchViewController.m */; };
		0A27CF2C1620767000189813 /* CrappSearchViewController.xib in Resources */ = {isa = PBXBuildFile; fileRef = 0A27CF2A1620767000189813 /* CrappSearchViewController.xib */; };
		0A27CF301620769D00189813 /* CrappRatingViewController.m in Sources */ = {isa = PBXBuildFile; fileRef = 0A27CF2E1620769D00189813 /* CrappRatingViewController.m */; };
		0A27CF311620769D00189813 /* CrappRatingViewController.xib in Resources */ = {isa = PBXBuildFile; fileRef = 0A27CF2F1620769D00189813 /* CrappRatingViewController.xib */; };
		0A27CF36162076B300189813 /* CrappLogViewController.m in Sources */ = {isa = PBXBuildFile; fileRef = 0A27CF34162076B300189813 /* CrappLogViewController.m */; };
		0A27CF37162076B300189813 /* CrappLogViewController.xib in Resources */ = {isa = PBXBuildFile; fileRef = 0A27CF35162076B300189813 /* CrappLogViewController.xib */; };
		0A27CF3B162076DA00189813 /* CrappEntertainmentViewController.m in Sources */ = {isa = PBXBuildFile; fileRef = 0A27CF39162076DA00189813 /* CrappEntertainmentViewController.m */; };
		0A27CF3C162076DA00189813 /* CrappEntertainmentViewController.xib in Resources */ = {isa = PBXBuildFile; fileRef = 0A27CF3A162076DA00189813 /* CrappEntertainmentViewController.xib */; };
		0A27CF40162077CB00189813 /* CrappAroundMeViewController.m in Sources */ = {isa = PBXBuildFile; fileRef = 0A27CF3E162077CA00189813 /* CrappAroundMeViewController.m */; };
		0A27CF41162077CB00189813 /* CrappAroundMeViewController.xib in Resources */ = {isa = PBXBuildFile; fileRef = 0A27CF3F162077CB00189813 /* CrappAroundMeViewController.xib */; };
		0A27CF451620782D00189813 /* CrappVirtualStallViewController.m in Sources */ = {isa = PBXBuildFile; fileRef = 0A27CF431620782D00189813 /* CrappVirtualStallViewController.m */; };
		0A27CF461620782D00189813 /* CrappVirtualStallViewController.xib in Resources */ = {isa = PBXBuildFile; fileRef = 0A27CF441620782D00189813 /* CrappVirtualStallViewController.xib */; };
		0A27CF4D1620792000189813 /* CrappNewsViewController.m in Sources */ = {isa = PBXBuildFile; fileRef = 0A27CF4B1620792000189813 /* CrappNewsViewController.m */; };
		0A27CF4E1620792000189813 /* CrappNewsViewController.xib in Resources */ = {isa = PBXBuildFile; fileRef = 0A27CF4C1620792000189813 /* CrappNewsViewController.xib */; };
		0A27CF5316207E5700189813 /* CrappAddRatingViewController.m in Sources */ = {isa = PBXBuildFile; fileRef = 0A27CF5116207E5700189813 /* CrappAddRatingViewController.m */; };
		0A27CF5416207E5700189813 /* CrappAddRatingViewController.xib in Resources */ = {isa = PBXBuildFile; fileRef = 0A27CF5216207E5700189813 /* CrappAddRatingViewController.xib */; };
		0A27CF571620828F00189813 /* CrappAddRatingCell.m in Sources */ = {isa = PBXBuildFile; fileRef = 0A27CF561620828F00189813 /* CrappAddRatingCell.m */; };
		0A27CF5A1620844E00189813 /* CrappNewsCell.m in Sources */ = {isa = PBXBuildFile; fileRef = 0A27CF591620844E00189813 /* CrappNewsCell.m */; };
		0A27CF5D1620852100189813 /* CrappListingCell.m in Sources */ = {isa = PBXBuildFile; fileRef = 0A27CF5C1620852100189813 /* CrappListingCell.m */; };
		0A27CF64162096B200189813 /* CCEFeedManager.m in Sources */ = {isa = PBXBuildFile; fileRef = 0A27CF63162096B200189813 /* CCEFeedManager.m */; };
		0A27CF671620981700189813 /* CrappModel.xcdatamodeld in Sources */ = {isa = PBXBuildFile; fileRef = 0A27CF651620981700189813 /* CrappModel.xcdatamodeld */; };
		0A27CF6A162098C600189813 /* CrappFeedHandler.m in Sources */ = {isa = PBXBuildFile; fileRef = 0A27CF69162098C400189813 /* CrappFeedHandler.m */; };
		0A27CF6D16209C6800189813 /* CrappLocationManager.m in Sources */ = {isa = PBXBuildFile; fileRef = 0A27CF6C16209C6700189813 /* CrappLocationManager.m */; };
		0A27CF701620A0A900189813 /* CrappBathroomCellView.m in Sources */ = {isa = PBXBuildFile; fileRef = 0A27CF6F1620A0A900189813 /* CrappBathroomCellView.m */; };
		0A27CF721620A17800189813 /* CoreLocation.framework in Frameworks */ = {isa = PBXBuildFile; fileRef = 0A27CF711620A17700189813 /* CoreLocation.framework */; };
		0A27CF751620B14600189813 /* CrappMapContainer.m in Sources */ = {isa = PBXBuildFile; fileRef = 0A27CF741620B14400189813 /* CrappMapContainer.m */; };
		0A27CF771620B25900189813 /* map.txt in Resources */ = {isa = PBXBuildFile; fileRef = 0A27CF761620B25800189813 /* map.txt */; };
		0A27CF7B1620E40C00189813 /* BathroomReview.m in Sources */ = {isa = PBXBuildFile; fileRef = 0A27CF7A1620E40C00189813 /* BathroomReview.m */; };
		0A27CF7E1620E40F00189813 /* NewsItem.m in Sources */ = {isa = PBXBuildFile; fileRef = 0A27CF7D1620E40F00189813 /* NewsItem.m */; };
		0A27CF841620E41000189813 /* BathroomScore.m in Sources */ = {isa = PBXBuildFile; fileRef = 0A27CF831620E41000189813 /* BathroomScore.m */; };
		0A27CF921620E5C900189813 /* Icon-AroundMe.png in Resources */ = {isa = PBXBuildFile; fileRef = 0A27CF861620E5C900189813 /* Icon-AroundMe.png */; };
		0A27CF931620E5C900189813 /* Icon-AroundMe@2x.png in Resources */ = {isa = PBXBuildFile; fileRef = 0A27CF871620E5C900189813 /* Icon-AroundMe@2x.png */; };
		0A27CF941620E5C900189813 /* Icon-BathroomLog.png in Resources */ = {isa = PBXBuildFile; fileRef = 0A27CF881620E5C900189813 /* Icon-BathroomLog.png */; };
		0A27CF951620E5C900189813 /* Icon-BathroomLog@2x.png in Resources */ = {isa = PBXBuildFile; fileRef = 0A27CF891620E5C900189813 /* Icon-BathroomLog@2x.png */; };
		0A27CF961620E5C900189813 /* Icon-Entertainment.png in Resources */ = {isa = PBXBuildFile; fileRef = 0A27CF8A1620E5C900189813 /* Icon-Entertainment.png */; };
		0A27CF971620E5C900189813 /* Icon-Entertainment@2x.png in Resources */ = {isa = PBXBuildFile; fileRef = 0A27CF8B1620E5C900189813 /* Icon-Entertainment@2x.png */; };
		0A27CF981620E5C900189813 /* Icon-News.png in Resources */ = {isa = PBXBuildFile; fileRef = 0A27CF8C1620E5C900189813 /* Icon-News.png */; };
		0A27CF991620E5C900189813 /* Icon-News@2x.png in Resources */ = {isa = PBXBuildFile; fileRef = 0A27CF8D1620E5C900189813 /* Icon-News@2x.png */; };
		0A27CF9A1620E5C900189813 /* Icon-Ratings.png in Resources */ = {isa = PBXBuildFile; fileRef = 0A27CF8E1620E5C900189813 /* Icon-Ratings.png */; };
		0A27CF9B1620E5C900189813 /* Icon-Ratings@2x.png in Resources */ = {isa = PBXBuildFile; fileRef = 0A27CF8F1620E5C900189813 /* Icon-Ratings@2x.png */; };
		0A27CF9C1620E5C900189813 /* Icon-VirtualWall.png in Resources */ = {isa = PBXBuildFile; fileRef = 0A27CF901620E5C900189813 /* Icon-VirtualWall.png */; };
		0A27CF9D1620E5C900189813 /* Icon-VirtualWall@2x.png in Resources */ = {isa = PBXBuildFile; fileRef = 0A27CF911620E5C900189813 /* Icon-VirtualWall@2x.png */; };
		0A27CF9F1620E77400189813 /* Default.png in Resources */ = {isa = PBXBuildFile; fileRef = 0A27CF9E1620E77300189813 /* Default.png */; };
		0A27CFA2162107AA00189813 /* JSONKit.m in Sources */ = {isa = PBXBuildFile; fileRef = 0A27CFA1162107A900189813 /* JSONKit.m */; };
		0A27CFA516210F2F00189813 /* Bathroom.m in Sources */ = {isa = PBXBuildFile; fileRef = 0A27CFA416210F2F00189813 /* Bathroom.m */; };
		0A27CFA71621113700189813 /* Icon.png in Resources */ = {isa = PBXBuildFile; fileRef = 0A27CFA61621113600189813 /* Icon.png */; };
		0A27CFA916211CCD00189813 /* Icon-Gottago-sm.png in Resources */ = {isa = PBXBuildFile; fileRef = 0A27CFA816211CCD00189813 /* Icon-Gottago-sm.png */; };
		0A27CFAB16211F4F00189813 /* star.png in Resources */ = {isa = PBXBuildFile; fileRef = 0A27CFAA16211F4E00189813 /* star.png */; };
/* End PBXBuildFile section */

/* Begin PBXFileReference section */
		0A1B42E316218F250022AAB5 /* CrappDetailViewController.h */ = {isa = PBXFileReference; fileEncoding = 4; lastKnownFileType = sourcecode.c.h; path = CrappDetailViewController.h; sourceTree = "<group>"; };
		0A1B42E416218F250022AAB5 /* CrappDetailViewController.m */ = {isa = PBXFileReference; fileEncoding = 4; lastKnownFileType = sourcecode.c.objc; path = CrappDetailViewController.m; sourceTree = "<group>"; };
		0A1B42E516218F250022AAB5 /* CrappDetailViewController.xib */ = {isa = PBXFileReference; fileEncoding = 4; lastKnownFileType = file.xib; path = CrappDetailViewController.xib; sourceTree = "<group>"; };
		0A1B42E8162193EA0022AAB5 /* CrappRateViewController.h */ = {isa = PBXFileReference; fileEncoding = 4; lastKnownFileType = sourcecode.c.h; path = CrappRateViewController.h; sourceTree = "<group>"; };
		0A1B42E9162193EA0022AAB5 /* CrappRateViewController.m */ = {isa = PBXFileReference; fileEncoding = 4; lastKnownFileType = sourcecode.c.objc; path = CrappRateViewController.m; sourceTree = "<group>"; };
		0A1B42EA162193EA0022AAB5 /* CrappRateViewController.xib */ = {isa = PBXFileReference; fileEncoding = 4; lastKnownFileType = file.xib; path = CrappRateViewController.xib; sourceTree = "<group>"; };
		0A1B42ED16219EB80022AAB5 /* CrappAddBathroomViewController.h */ = {isa = PBXFileReference; fileEncoding = 4; lastKnownFileType = sourcecode.c.h; path = CrappAddBathroomViewController.h; sourceTree = "<group>"; };
		0A1B42EE16219EB80022AAB5 /* CrappAddBathroomViewController.m */ = {isa = PBXFileReference; fileEncoding = 4; lastKnownFileType = sourcecode.c.objc; path = CrappAddBathroomViewController.m; sourceTree = "<group>"; };
		0A1B42EF16219EB80022AAB5 /* CrappAddBathroomViewController.xib */ = {isa = PBXFileReference; fileEncoding = 4; lastKnownFileType = file.xib; path = CrappAddBathroomViewController.xib; sourceTree = "<group>"; };
		0A1B42F21621A1C20022AAB5 /* CrappCheckBoxView.h */ = {isa = PBXFileReference; fileEncoding = 4; lastKnownFileType = sourcecode.c.h; path = CrappCheckBoxView.h; sourceTree = "<group>"; };
		0A1B42F31621A1C30022AAB5 /* CrappCheckBoxView.m */ = {isa = PBXFileReference; fileEncoding = 4; lastKnownFileType = sourcecode.c.objc; path = CrappCheckBoxView.m; sourceTree = "<group>"; };
		0A1B42F51621BB5A0022AAB5 /* background.png */ = {isa = PBXFileReference; lastKnownFileType = image.png; path = background.png; sourceTree = "<group>"; };
		0A1B42F71621C11C0022AAB5 /* Icon-VirtualStall.png */ = {isa = PBXFileReference; lastKnownFileType = image.png; path = "Icon-VirtualStall.png"; sourceTree = "<group>"; };
		0A1B42F81621C11C0022AAB5 /* Icon-VirtualStall@2x.png */ = {isa = PBXFileReference; lastKnownFileType = image.png; path = "Icon-VirtualStall@2x.png"; sourceTree = "<group>"; };
		0A27CEDB1620623300189813 /* Crapp.app */ = {isa = PBXFileReference; explicitFileType = wrapper.application; includeInIndex = 0; path = Crapp.app; sourceTree = BUILT_PRODUCTS_DIR; };
		0A27CEDF1620623300189813 /* UIKit.framework */ = {isa = PBXFileReference; lastKnownFileType = wrapper.framework; name = UIKit.framework; path = System/Library/Frameworks/UIKit.framework; sourceTree = SDKROOT; };
		0A27CEE11620623300189813 /* Foundation.framework */ = {isa = PBXFileReference; lastKnownFileType = wrapper.framework; name = Foundation.framework; path = System/Library/Frameworks/Foundation.framework; sourceTree = SDKROOT; };
		0A27CEE31620623300189813 /* CoreGraphics.framework */ = {isa = PBXFileReference; lastKnownFileType = wrapper.framework; name = CoreGraphics.framework; path = System/Library/Frameworks/CoreGraphics.framework; sourceTree = SDKROOT; };
		0A27CEE71620623300189813 /* Crapp-Info.plist */ = {isa = PBXFileReference; lastKnownFileType = text.plist.xml; path = "Crapp-Info.plist"; sourceTree = "<group>"; };
		0A27CEE91620623300189813 /* en */ = {isa = PBXFileReference; lastKnownFileType = text.plist.strings; name = en; path = en.lproj/InfoPlist.strings; sourceTree = "<group>"; };
		0A27CEEB1620623300189813 /* main.m */ = {isa = PBXFileReference; lastKnownFileType = sourcecode.c.objc; path = main.m; sourceTree = "<group>"; };
		0A27CEED1620623300189813 /* Crapp-Prefix.pch */ = {isa = PBXFileReference; lastKnownFileType = sourcecode.c.h; path = "Crapp-Prefix.pch"; sourceTree = "<group>"; };
		0A27CEEE1620623300189813 /* CrappAppDelegate.h */ = {isa = PBXFileReference; lastKnownFileType = sourcecode.c.h; path = CrappAppDelegate.h; sourceTree = "<group>"; };
		0A27CEEF1620623300189813 /* CrappAppDelegate.m */ = {isa = PBXFileReference; lastKnownFileType = sourcecode.c.objc; path = CrappAppDelegate.m; sourceTree = "<group>"; };
		0A27CEF31620623300189813 /* Default@2x.png */ = {isa = PBXFileReference; lastKnownFileType = image.png; path = "Default@2x.png"; sourceTree = "<group>"; };
		0A27CEF51620623300189813 /* Default-568h@2x.png */ = {isa = PBXFileReference; lastKnownFileType = image.png; path = "Default-568h@2x.png"; sourceTree = "<group>"; };
		0A27CEF71620623300189813 /* CrappViewController.h */ = {isa = PBXFileReference; lastKnownFileType = sourcecode.c.h; path = CrappViewController.h; sourceTree = "<group>"; };
		0A27CEF81620623300189813 /* CrappViewController.m */ = {isa = PBXFileReference; lastKnownFileType = sourcecode.c.objc; path = CrappViewController.m; sourceTree = "<group>"; };
		0A27CEFB1620623300189813 /* en */ = {isa = PBXFileReference; lastKnownFileType = file.xib; name = en; path = en.lproj/CrappViewController_iPhone.xib; sourceTree = "<group>"; };
		0A27CEFE1620623300189813 /* en */ = {isa = PBXFileReference; lastKnownFileType = file.xib; name = en; path = en.lproj/CrappViewController_iPad.xib; sourceTree = "<group>"; };
		0A27CF0C162062DB00189813 /* ESPN.framework */ = {isa = PBXFileReference; lastKnownFileType = wrapper.framework; name = ESPN.framework; path = Crapp/ESPN.framework; sourceTree = "<group>"; };
		0A27CF0E162062F300189813 /* CoreData.framework */ = {isa = PBXFileReference; lastKnownFileType = wrapper.framework; name = CoreData.framework; path = System/Library/Frameworks/CoreData.framework; sourceTree = SDKROOT; };
		0A27CF10162062F900189813 /* SystemConfiguration.framework */ = {isa = PBXFileReference; lastKnownFileType = wrapper.framework; name = SystemConfiguration.framework; path = System/Library/Frameworks/SystemConfiguration.framework; sourceTree = SDKROOT; };
		0A27CF161620739B00189813 /* Security.framework */ = {isa = PBXFileReference; lastKnownFileType = wrapper.framework; name = Security.framework; path = System/Library/Frameworks/Security.framework; sourceTree = SDKROOT; };
		0A27CF19162073A900189813 /* CoreTelephony.framework */ = {isa = PBXFileReference; lastKnownFileType = wrapper.framework; name = CoreTelephony.framework; path = System/Library/Frameworks/CoreTelephony.framework; sourceTree = SDKROOT; };
		0A27CF1E162075A700189813 /* CrappGottaGoViewController.h */ = {isa = PBXFileReference; fileEncoding = 4; lastKnownFileType = sourcecode.c.h; path = CrappGottaGoViewController.h; sourceTree = "<group>"; };
		0A27CF1F162075A800189813 /* CrappGottaGoViewController.m */ = {isa = PBXFileReference; fileEncoding = 4; lastKnownFileType = sourcecode.c.objc; path = CrappGottaGoViewController.m; sourceTree = "<group>"; };
		0A27CF20162075A800189813 /* CrappGottaGoViewController.xib */ = {isa = PBXFileReference; fileEncoding = 4; lastKnownFileType = file.xib; path = CrappGottaGoViewController.xib; sourceTree = "<group>"; };
		0A27CF281620767000189813 /* CrappSearchViewController.h */ = {isa = PBXFileReference; fileEncoding = 4; lastKnownFileType = sourcecode.c.h; path = CrappSearchViewController.h; sourceTree = "<group>"; };
		0A27CF291620767000189813 /* CrappSearchViewController.m */ = {isa = PBXFileReference; fileEncoding = 4; lastKnownFileType = sourcecode.c.objc; path = CrappSearchViewController.m; sourceTree = "<group>"; };
		0A27CF2A1620767000189813 /* CrappSearchViewController.xib */ = {isa = PBXFileReference; fileEncoding = 4; lastKnownFileType = file.xib; path = CrappSearchViewController.xib; sourceTree = "<group>"; };
		0A27CF2D1620769D00189813 /* CrappRatingViewController.h */ = {isa = PBXFileReference; fileEncoding = 4; lastKnownFileType = sourcecode.c.h; path = CrappRatingViewController.h; sourceTree = "<group>"; };
		0A27CF2E1620769D00189813 /* CrappRatingViewController.m */ = {isa = PBXFileReference; fileEncoding = 4; lastKnownFileType = sourcecode.c.objc; path = CrappRatingViewController.m; sourceTree = "<group>"; };
		0A27CF2F1620769D00189813 /* CrappRatingViewController.xib */ = {isa = PBXFileReference; fileEncoding = 4; lastKnownFileType = file.xib; path = CrappRatingViewController.xib; sourceTree = "<group>"; };
		0A27CF33162076B300189813 /* CrappLogViewController.h */ = {isa = PBXFileReference; fileEncoding = 4; lastKnownFileType = sourcecode.c.h; path = CrappLogViewController.h; sourceTree = "<group>"; };
		0A27CF34162076B300189813 /* CrappLogViewController.m */ = {isa = PBXFileReference; fileEncoding = 4; lastKnownFileType = sourcecode.c.objc; path = CrappLogViewController.m; sourceTree = "<group>"; };
		0A27CF35162076B300189813 /* CrappLogViewController.xib */ = {isa = PBXFileReference; fileEncoding = 4; lastKnownFileType = file.xib; path = CrappLogViewController.xib; sourceTree = "<group>"; };
		0A27CF38162076DA00189813 /* CrappEntertainmentViewController.h */ = {isa = PBXFileReference; fileEncoding = 4; lastKnownFileType = sourcecode.c.h; path = CrappEntertainmentViewController.h; sourceTree = "<group>"; };
		0A27CF39162076DA00189813 /* CrappEntertainmentViewController.m */ = {isa = PBXFileReference; fileEncoding = 4; lastKnownFileType = sourcecode.c.objc; path = CrappEntertainmentViewController.m; sourceTree = "<group>"; };
		0A27CF3A162076DA00189813 /* CrappEntertainmentViewController.xib */ = {isa = PBXFileReference; fileEncoding = 4; lastKnownFileType = file.xib; path = CrappEntertainmentViewController.xib; sourceTree = "<group>"; };
		0A27CF3D162077CA00189813 /* CrappAroundMeViewController.h */ = {isa = PBXFileReference; fileEncoding = 4; lastKnownFileType = sourcecode.c.h; path = CrappAroundMeViewController.h; sourceTree = "<group>"; };
		0A27CF3E162077CA00189813 /* CrappAroundMeViewController.m */ = {isa = PBXFileReference; fileEncoding = 4; lastKnownFileType = sourcecode.c.objc; path = CrappAroundMeViewController.m; sourceTree = "<group>"; };
		0A27CF3F162077CB00189813 /* CrappAroundMeViewController.xib */ = {isa = PBXFileReference; fileEncoding = 4; lastKnownFileType = file.xib; path = CrappAroundMeViewController.xib; sourceTree = "<group>"; };
		0A27CF421620782D00189813 /* CrappVirtualStallViewController.h */ = {isa = PBXFileReference; fileEncoding = 4; lastKnownFileType = sourcecode.c.h; path = CrappVirtualStallViewController.h; sourceTree = "<group>"; };
		0A27CF431620782D00189813 /* CrappVirtualStallViewController.m */ = {isa = PBXFileReference; fileEncoding = 4; lastKnownFileType = sourcecode.c.objc; path = CrappVirtualStallViewController.m; sourceTree = "<group>"; };
		0A27CF441620782D00189813 /* CrappVirtualStallViewController.xib */ = {isa = PBXFileReference; fileEncoding = 4; lastKnownFileType = file.xib; path = CrappVirtualStallViewController.xib; sourceTree = "<group>"; };
		0A27CF4A1620792000189813 /* CrappNewsViewController.h */ = {isa = PBXFileReference; fileEncoding = 4; lastKnownFileType = sourcecode.c.h; path = CrappNewsViewController.h; sourceTree = "<group>"; };
		0A27CF4B1620792000189813 /* CrappNewsViewController.m */ = {isa = PBXFileReference; fileEncoding = 4; lastKnownFileType = sourcecode.c.objc; path = CrappNewsViewController.m; sourceTree = "<group>"; };
		0A27CF4C1620792000189813 /* CrappNewsViewController.xib */ = {isa = PBXFileReference; fileEncoding = 4; lastKnownFileType = file.xib; path = CrappNewsViewController.xib; sourceTree = "<group>"; };
		0A27CF5016207E5700189813 /* CrappAddRatingViewController.h */ = {isa = PBXFileReference; fileEncoding = 4; lastKnownFileType = sourcecode.c.h; path = CrappAddRatingViewController.h; sourceTree = "<group>"; };
		0A27CF5116207E5700189813 /* CrappAddRatingViewController.m */ = {isa = PBXFileReference; fileEncoding = 4; lastKnownFileType = sourcecode.c.objc; path = CrappAddRatingViewController.m; sourceTree = "<group>"; };
		0A27CF5216207E5700189813 /* CrappAddRatingViewController.xib */ = {isa = PBXFileReference; fileEncoding = 4; lastKnownFileType = file.xib; path = CrappAddRatingViewController.xib; sourceTree = "<group>"; };
		0A27CF551620828F00189813 /* CrappAddRatingCell.h */ = {isa = PBXFileReference; fileEncoding = 4; lastKnownFileType = sourcecode.c.h; path = CrappAddRatingCell.h; sourceTree = "<group>"; };
		0A27CF561620828F00189813 /* CrappAddRatingCell.m */ = {isa = PBXFileReference; fileEncoding = 4; lastKnownFileType = sourcecode.c.objc; path = CrappAddRatingCell.m; sourceTree = "<group>"; };
		0A27CF581620844E00189813 /* CrappNewsCell.h */ = {isa = PBXFileReference; fileEncoding = 4; lastKnownFileType = sourcecode.c.h; path = CrappNewsCell.h; sourceTree = "<group>"; };
		0A27CF591620844E00189813 /* CrappNewsCell.m */ = {isa = PBXFileReference; fileEncoding = 4; lastKnownFileType = sourcecode.c.objc; path = CrappNewsCell.m; sourceTree = "<group>"; };
		0A27CF5B1620852100189813 /* CrappListingCell.h */ = {isa = PBXFileReference; fileEncoding = 4; lastKnownFileType = sourcecode.c.h; path = CrappListingCell.h; sourceTree = "<group>"; };
		0A27CF5C1620852100189813 /* CrappListingCell.m */ = {isa = PBXFileReference; fileEncoding = 4; lastKnownFileType = sourcecode.c.objc; path = CrappListingCell.m; sourceTree = "<group>"; };
		0A27CF62162096B100189813 /* CCEFeedManager.h */ = {isa = PBXFileReference; fileEncoding = 4; lastKnownFileType = sourcecode.c.h; path = CCEFeedManager.h; sourceTree = "<group>"; };
		0A27CF63162096B200189813 /* CCEFeedManager.m */ = {isa = PBXFileReference; fileEncoding = 4; lastKnownFileType = sourcecode.c.objc; path = CCEFeedManager.m; sourceTree = "<group>"; };
		0A27CF661620981700189813 /* CrappModel.xcdatamodel */ = {isa = PBXFileReference; lastKnownFileType = wrapper.xcdatamodel; path = CrappModel.xcdatamodel; sourceTree = "<group>"; };
		0A27CF68162098C400189813 /* CrappFeedHandler.h */ = {isa = PBXFileReference; fileEncoding = 4; lastKnownFileType = sourcecode.c.h; path = CrappFeedHandler.h; sourceTree = "<group>"; };
		0A27CF69162098C400189813 /* CrappFeedHandler.m */ = {isa = PBXFileReference; fileEncoding = 4; lastKnownFileType = sourcecode.c.objc; path = CrappFeedHandler.m; sourceTree = "<group>"; };
		0A27CF6B16209C6600189813 /* CrappLocationManager.h */ = {isa = PBXFileReference; fileEncoding = 4; lastKnownFileType = sourcecode.c.h; path = CrappLocationManager.h; sourceTree = "<group>"; };
		0A27CF6C16209C6700189813 /* CrappLocationManager.m */ = {isa = PBXFileReference; fileEncoding = 4; lastKnownFileType = sourcecode.c.objc; path = CrappLocationManager.m; sourceTree = "<group>"; };
		0A27CF6E1620A0A900189813 /* CrappBathroomCellView.h */ = {isa = PBXFileReference; fileEncoding = 4; lastKnownFileType = sourcecode.c.h; path = CrappBathroomCellView.h; sourceTree = "<group>"; };
		0A27CF6F1620A0A900189813 /* CrappBathroomCellView.m */ = {isa = PBXFileReference; fileEncoding = 4; lastKnownFileType = sourcecode.c.objc; path = CrappBathroomCellView.m; sourceTree = "<group>"; };
		0A27CF711620A17700189813 /* CoreLocation.framework */ = {isa = PBXFileReference; lastKnownFileType = wrapper.framework; name = CoreLocation.framework; path = System/Library/Frameworks/CoreLocation.framework; sourceTree = SDKROOT; };
		0A27CF731620B14300189813 /* CrappMapContainer.h */ = {isa = PBXFileReference; fileEncoding = 4; lastKnownFileType = sourcecode.c.h; path = CrappMapContainer.h; sourceTree = "<group>"; };
		0A27CF741620B14400189813 /* CrappMapContainer.m */ = {isa = PBXFileReference; fileEncoding = 4; lastKnownFileType = sourcecode.c.objc; path = CrappMapContainer.m; sourceTree = "<group>"; };
		0A27CF761620B25800189813 /* map.txt */ = {isa = PBXFileReference; fileEncoding = 4; lastKnownFileType = text; path = map.txt; sourceTree = "<group>"; };
		0A27CF791620E40C00189813 /* BathroomReview.h */ = {isa = PBXFileReference; fileEncoding = 4; lastKnownFileType = sourcecode.c.h; path = BathroomReview.h; sourceTree = "<group>"; };
		0A27CF7A1620E40C00189813 /* BathroomReview.m */ = {isa = PBXFileReference; fileEncoding = 4; lastKnownFileType = sourcecode.c.objc; path = BathroomReview.m; sourceTree = "<group>"; };
		0A27CF7C1620E40F00189813 /* NewsItem.h */ = {isa = PBXFileReference; fileEncoding = 4; lastKnownFileType = sourcecode.c.h; path = NewsItem.h; sourceTree = "<group>"; };
		0A27CF7D1620E40F00189813 /* NewsItem.m */ = {isa = PBXFileReference; fileEncoding = 4; lastKnownFileType = sourcecode.c.objc; path = NewsItem.m; sourceTree = "<group>"; };
		0A27CF821620E41000189813 /* BathroomScore.h */ = {isa = PBXFileReference; fileEncoding = 4; lastKnownFileType = sourcecode.c.h; path = BathroomScore.h; sourceTree = "<group>"; };
		0A27CF831620E41000189813 /* BathroomScore.m */ = {isa = PBXFileReference; fileEncoding = 4; lastKnownFileType = sourcecode.c.objc; path = BathroomScore.m; sourceTree = "<group>"; };
		0A27CF861620E5C900189813 /* Icon-AroundMe.png */ = {isa = PBXFileReference; lastKnownFileType = image.png; path = "Icon-AroundMe.png"; sourceTree = "<group>"; };
		0A27CF871620E5C900189813 /* Icon-AroundMe@2x.png */ = {isa = PBXFileReference; lastKnownFileType = image.png; path = "Icon-AroundMe@2x.png"; sourceTree = "<group>"; };
		0A27CF881620E5C900189813 /* Icon-BathroomLog.png */ = {isa = PBXFileReference; lastKnownFileType = image.png; path = "Icon-BathroomLog.png"; sourceTree = "<group>"; };
		0A27CF891620E5C900189813 /* Icon-BathroomLog@2x.png */ = {isa = PBXFileReference; lastKnownFileType = image.png; path = "Icon-BathroomLog@2x.png"; sourceTree = "<group>"; };
		0A27CF8A1620E5C900189813 /* Icon-Entertainment.png */ = {isa = PBXFileReference; lastKnownFileType = image.png; path = "Icon-Entertainment.png"; sourceTree = "<group>"; };
		0A27CF8B1620E5C900189813 /* Icon-Entertainment@2x.png */ = {isa = PBXFileReference; lastKnownFileType = image.png; path = "Icon-Entertainment@2x.png"; sourceTree = "<group>"; };
		0A27CF8C1620E5C900189813 /* Icon-News.png */ = {isa = PBXFileReference; lastKnownFileType = image.png; path = "Icon-News.png"; sourceTree = "<group>"; };
		0A27CF8D1620E5C900189813 /* Icon-News@2x.png */ = {isa = PBXFileReference; lastKnownFileType = image.png; path = "Icon-News@2x.png"; sourceTree = "<group>"; };
		0A27CF8E1620E5C900189813 /* Icon-Ratings.png */ = {isa = PBXFileReference; lastKnownFileType = image.png; path = "Icon-Ratings.png"; sourceTree = "<group>"; };
		0A27CF8F1620E5C900189813 /* Icon-Ratings@2x.png */ = {isa = PBXFileReference; lastKnownFileType = image.png; path = "Icon-Ratings@2x.png"; sourceTree = "<group>"; };
		0A27CF901620E5C900189813 /* Icon-VirtualWall.png */ = {isa = PBXFileReference; lastKnownFileType = image.png; path = "Icon-VirtualWall.png"; sourceTree = "<group>"; };
		0A27CF911620E5C900189813 /* Icon-VirtualWall@2x.png */ = {isa = PBXFileReference; lastKnownFileType = image.png; path = "Icon-VirtualWall@2x.png"; sourceTree = "<group>"; };
		0A27CF9E1620E77300189813 /* Default.png */ = {isa = PBXFileReference; lastKnownFileType = image.png; path = Default.png; sourceTree = "<group>"; };
		0A27CFA0162107A900189813 /* JSONKit.h */ = {isa = PBXFileReference; fileEncoding = 4; lastKnownFileType = sourcecode.c.h; path = JSONKit.h; sourceTree = "<group>"; };
		0A27CFA1162107A900189813 /* JSONKit.m */ = {isa = PBXFileReference; fileEncoding = 4; lastKnownFileType = sourcecode.c.objc; path = JSONKit.m; sourceTree = "<group>"; };
		0A27CFA316210F2F00189813 /* Bathroom.h */ = {isa = PBXFileReference; fileEncoding = 4; lastKnownFileType = sourcecode.c.h; path = Bathroom.h; sourceTree = "<group>"; };
		0A27CFA416210F2F00189813 /* Bathroom.m */ = {isa = PBXFileReference; fileEncoding = 4; lastKnownFileType = sourcecode.c.objc; path = Bathroom.m; sourceTree = "<group>"; };
		0A27CFA61621113600189813 /* Icon.png */ = {isa = PBXFileReference; lastKnownFileType = image.png; path = Icon.png; sourceTree = "<group>"; };
		0A27CFA816211CCD00189813 /* Icon-Gottago-sm.png */ = {isa = PBXFileReference; lastKnownFileType = image.png; path = "Icon-Gottago-sm.png"; sourceTree = "<group>"; };
		0A27CFAA16211F4E00189813 /* star.png */ = {isa = PBXFileReference; lastKnownFileType = image.png; path = star.png; sourceTree = "<group>"; };
/* End PBXFileReference section */

/* Begin PBXFrameworksBuildPhase section */
		0A27CED81620623300189813 /* Frameworks */ = {
			isa = PBXFrameworksBuildPhase;
			buildActionMask = 2147483647;
			files = (
				0A27CF721620A17800189813 /* CoreLocation.framework in Frameworks */,
				0A27CF1A162073A900189813 /* CoreTelephony.framework in Frameworks */,
				0A27CF171620739B00189813 /* Security.framework in Frameworks */,
				0A27CF11162062F900189813 /* SystemConfiguration.framework in Frameworks */,
				0A27CF0F162062F300189813 /* CoreData.framework in Frameworks */,
				0A27CEE01620623300189813 /* UIKit.framework in Frameworks */,
				0A27CEE21620623300189813 /* Foundation.framework in Frameworks */,
				0A27CEE41620623300189813 /* CoreGraphics.framework in Frameworks */,
				0A27CF0D162062DB00189813 /* ESPN.framework in Frameworks */,
			);
			runOnlyForDeploymentPostprocessing = 0;
		};
/* End PBXFrameworksBuildPhase section */

/* Begin PBXGroup section */
		0A27CED01620623300189813 = {
			isa = PBXGroup;
			children = (
				0A27CF711620A17700189813 /* CoreLocation.framework */,
				0A27CF651620981700189813 /* CrappModel.xcdatamodeld */,
				0A27CF19162073A900189813 /* CoreTelephony.framework */,
				0A27CF161620739B00189813 /* Security.framework */,
				0A27CF10162062F900189813 /* SystemConfiguration.framework */,
				0A27CF0E162062F300189813 /* CoreData.framework */,
				0A27CF0C162062DB00189813 /* ESPN.framework */,
				0A27CEE51620623300189813 /* Crapp */,
				0A27CEE61620623300189813 /* Supporting Files */,
				0A27CEDE1620623300189813 /* Frameworks */,
				0A27CEDC1620623300189813 /* Products */,
			);
			sourceTree = "<group>";
		};
		0A27CEDC1620623300189813 /* Products */ = {
			isa = PBXGroup;
			children = (
				0A27CEDB1620623300189813 /* Crapp.app */,
			);
			name = Products;
			sourceTree = "<group>";
		};
		0A27CEDE1620623300189813 /* Frameworks */ = {
			isa = PBXGroup;
			children = (
				0A27CEDF1620623300189813 /* UIKit.framework */,
				0A27CEE11620623300189813 /* Foundation.framework */,
				0A27CEE31620623300189813 /* CoreGraphics.framework */,
			);
			name = Frameworks;
			sourceTree = "<group>";
		};
		0A27CEE51620623300189813 /* Crapp */ = {
			isa = PBXGroup;
			children = (
				0A27CF781620E3F300189813 /* Data Model */,
				0A27CF68162098C400189813 /* CrappFeedHandler.h */,
				0A27CF69162098C400189813 /* CrappFeedHandler.m */,
				0A27CF6B16209C6600189813 /* CrappLocationManager.h */,
				0A27CF6C16209C6700189813 /* CrappLocationManager.m */,
				0A27CF62162096B100189813 /* CCEFeedManager.h */,
				0A27CF63162096B200189813 /* CCEFeedManager.m */,
				0A27CF731620B14300189813 /* CrappMapContainer.h */,
				0A27CF741620B14400189813 /* CrappMapContainer.m */,
				0A27CF4F16207E4400189813 /* Add Rating */,
				0A27CF491620791200189813 /* News */,
				0A27CF481620787200189813 /* Around Me */,
				0A27CF471620785C00189813 /* Virtual Stall */,
				0A27CF271620765D00189813 /* Map */,
				0A27CF261620763100189813 /* Ratings */,
				0A27CF251620762500189813 /* Log */,
				0A27CF241620761D00189813 /* Entertainment */,
				0A27CF231620760F00189813 /* Gotta Go */,
				0A27CEEE1620623300189813 /* CrappAppDelegate.h */,
				0A27CEEF1620623300189813 /* CrappAppDelegate.m */,
				0A27CEF71620623300189813 /* CrappViewController.h */,
				0A27CEF81620623300189813 /* CrappViewController.m */,
				0A27CEFA1620623300189813 /* CrappViewController_iPhone.xib */,
				0A27CEFD1620623300189813 /* CrappViewController_iPad.xib */,
				0A27CF761620B25800189813 /* map.txt */,
				0A1B42E316218F250022AAB5 /* CrappDetailViewController.h */,
				0A1B42E416218F250022AAB5 /* CrappDetailViewController.m */,
				0A1B42E516218F250022AAB5 /* CrappDetailViewController.xib */,
				0A1B42E8162193EA0022AAB5 /* CrappRateViewController.h */,
				0A1B42E9162193EA0022AAB5 /* CrappRateViewController.m */,
				0A1B42EA162193EA0022AAB5 /* CrappRateViewController.xib */,
				0A1B42ED16219EB80022AAB5 /* CrappAddBathroomViewController.h */,
				0A1B42EE16219EB80022AAB5 /* CrappAddBathroomViewController.m */,
				0A1B42EF16219EB80022AAB5 /* CrappAddBathroomViewController.xib */,
				0A1B42F21621A1C20022AAB5 /* CrappCheckBoxView.h */,
				0A1B42F31621A1C30022AAB5 /* CrappCheckBoxView.m */,
			);
			path = Crapp;
			sourceTree = "<group>";
		};
		0A27CEE61620623300189813 /* Supporting Files */ = {
			isa = PBXGroup;
			children = (
				0A27CF851620E5AE00189813 /* Images */,
				0A27CEE71620623300189813 /* Crapp-Info.plist */,
				0A27CEE81620623300189813 /* InfoPlist.strings */,
				0A27CEEB1620623300189813 /* main.m */,
				0A27CEED1620623300189813 /* Crapp-Prefix.pch */,
				0A27CEF31620623300189813 /* Default@2x.png */,
				0A27CEF51620623300189813 /* Default-568h@2x.png */,
			);
			name = "Supporting Files";
			path = Crapp;
			sourceTree = "<group>";
		};
		0A27CF231620760F00189813 /* Gotta Go */ = {
			isa = PBXGroup;
			children = (
				0A27CF1E162075A700189813 /* CrappGottaGoViewController.h */,
				0A27CF1F162075A800189813 /* CrappGottaGoViewController.m */,
				0A27CF20162075A800189813 /* CrappGottaGoViewController.xib */,
			);
			name = "Gotta Go";
			sourceTree = "<group>";
		};
		0A27CF241620761D00189813 /* Entertainment */ = {
			isa = PBXGroup;
			children = (
				0A27CF38162076DA00189813 /* CrappEntertainmentViewController.h */,
				0A27CF39162076DA00189813 /* CrappEntertainmentViewController.m */,
				0A27CF3A162076DA00189813 /* CrappEntertainmentViewController.xib */,
			);
			name = Entertainment;
			sourceTree = "<group>";
		};
		0A27CF251620762500189813 /* Log */ = {
			isa = PBXGroup;
			children = (
				0A27CF33162076B300189813 /* CrappLogViewController.h */,
				0A27CF34162076B300189813 /* CrappLogViewController.m */,
				0A27CF35162076B300189813 /* CrappLogViewController.xib */,
			);
			name = Log;
			sourceTree = "<group>";
		};
		0A27CF261620763100189813 /* Ratings */ = {
			isa = PBXGroup;
			children = (
				0A27CF2D1620769D00189813 /* CrappRatingViewController.h */,
				0A27CF2E1620769D00189813 /* CrappRatingViewController.m */,
				0A27CF2F1620769D00189813 /* CrappRatingViewController.xib */,
			);
			name = Ratings;
			sourceTree = "<group>";
		};
		0A27CF271620765D00189813 /* Map */ = {
			isa = PBXGroup;
			children = (
				0A27CF281620767000189813 /* CrappSearchViewController.h */,
				0A27CF291620767000189813 /* CrappSearchViewController.m */,
				0A27CF2A1620767000189813 /* CrappSearchViewController.xib */,
			);
			name = Map;
			sourceTree = "<group>";
		};
		0A27CF471620785C00189813 /* Virtual Stall */ = {
			isa = PBXGroup;
			children = (
				0A27CF421620782D00189813 /* CrappVirtualStallViewController.h */,
				0A27CF431620782D00189813 /* CrappVirtualStallViewController.m */,
				0A27CF441620782D00189813 /* CrappVirtualStallViewController.xib */,
			);
			name = "Virtual Stall";
			sourceTree = "<group>";
		};
		0A27CF481620787200189813 /* Around Me */ = {
			isa = PBXGroup;
			children = (
				0A27CF3D162077CA00189813 /* CrappAroundMeViewController.h */,
				0A27CF3E162077CA00189813 /* CrappAroundMeViewController.m */,
				0A27CF3F162077CB00189813 /* CrappAroundMeViewController.xib */,
				0A27CF5B1620852100189813 /* CrappListingCell.h */,
				0A27CF5C1620852100189813 /* CrappListingCell.m */,
				0A27CF6E1620A0A900189813 /* CrappBathroomCellView.h */,
				0A27CF6F1620A0A900189813 /* CrappBathroomCellView.m */,
			);
			name = "Around Me";
			sourceTree = "<group>";
		};
		0A27CF491620791200189813 /* News */ = {
			isa = PBXGroup;
			children = (
				0A27CF4A1620792000189813 /* CrappNewsViewController.h */,
				0A27CF4B1620792000189813 /* CrappNewsViewController.m */,
				0A27CF4C1620792000189813 /* CrappNewsViewController.xib */,
				0A27CF581620844E00189813 /* CrappNewsCell.h */,
				0A27CF591620844E00189813 /* CrappNewsCell.m */,
			);
			name = News;
			sourceTree = "<group>";
		};
		0A27CF4F16207E4400189813 /* Add Rating */ = {
			isa = PBXGroup;
			children = (
				0A27CF5016207E5700189813 /* CrappAddRatingViewController.h */,
				0A27CF5116207E5700189813 /* CrappAddRatingViewController.m */,
				0A27CF5216207E5700189813 /* CrappAddRatingViewController.xib */,
				0A27CF551620828F00189813 /* CrappAddRatingCell.h */,
				0A27CF561620828F00189813 /* CrappAddRatingCell.m */,
			);
			name = "Add Rating";
			sourceTree = "<group>";
		};
		0A27CF781620E3F300189813 /* Data Model */ = {
			isa = PBXGroup;
			children = (
				0A27CFA0162107A900189813 /* JSONKit.h */,
				0A27CFA1162107A900189813 /* JSONKit.m */,
				0A27CF821620E41000189813 /* BathroomScore.h */,
				0A27CF831620E41000189813 /* BathroomScore.m */,
				0A27CF7C1620E40F00189813 /* NewsItem.h */,
				0A27CF7D1620E40F00189813 /* NewsItem.m */,
				0A27CF791620E40C00189813 /* BathroomReview.h */,
				0A27CF7A1620E40C00189813 /* BathroomReview.m */,
				0A27CFA316210F2F00189813 /* Bathroom.h */,
				0A27CFA416210F2F00189813 /* Bathroom.m */,
			);
			name = "Data Model";
			sourceTree = "<group>";
		};
		0A27CF851620E5AE00189813 /* Images */ = {
			isa = PBXGroup;
			children = (
				0A1B42F51621BB5A0022AAB5 /* background.png */,
				0A27CFAA16211F4E00189813 /* star.png */,
				0A27CFA816211CCD00189813 /* Icon-Gottago-sm.png */,
				0A27CFA61621113600189813 /* Icon.png */,
				0A27CF9E1620E77300189813 /* Default.png */,
				0A27CF861620E5C900189813 /* Icon-AroundMe.png */,
				0A27CF871620E5C900189813 /* Icon-AroundMe@2x.png */,
				0A27CF881620E5C900189813 /* Icon-BathroomLog.png */,
				0A27CF891620E5C900189813 /* Icon-BathroomLog@2x.png */,
				0A27CF8A1620E5C900189813 /* Icon-Entertainment.png */,
				0A27CF8B1620E5C900189813 /* Icon-Entertainment@2x.png */,
				0A27CF8C1620E5C900189813 /* Icon-News.png */,
				0A27CF8D1620E5C900189813 /* Icon-News@2x.png */,
				0A27CF8E1620E5C900189813 /* Icon-Ratings.png */,
				0A27CF8F1620E5C900189813 /* Icon-Ratings@2x.png */,
				0A1B42F71621C11C0022AAB5 /* Icon-VirtualStall.png */,
				0A1B42F81621C11C0022AAB5 /* Icon-VirtualStall@2x.png */,
				0A27CF901620E5C900189813 /* Icon-VirtualWall.png */,
				0A27CF911620E5C900189813 /* Icon-VirtualWall@2x.png */,
			);
			name = Images;
			sourceTree = "<group>";
		};
/* End PBXGroup section */

/* Begin PBXNativeTarget section */
		0A27CEDA1620623300189813 /* Crapp */ = {
			isa = PBXNativeTarget;
			buildConfigurationList = 0A27CF021620623300189813 /* Build configuration list for PBXNativeTarget "Crapp" */;
			buildPhases = (
				0A27CED71620623300189813 /* Sources */,
				0A27CED81620623300189813 /* Frameworks */,
				0A27CED91620623300189813 /* Resources */,
			);
			buildRules = (
			);
			dependencies = (
			);
			name = Crapp;
			productName = Crapp;
			productReference = 0A27CEDB1620623300189813 /* Crapp.app */;
			productType = "com.apple.product-type.application";
		};
/* End PBXNativeTarget section */

/* Begin PBXProject section */
		0A27CED21620623300189813 /* Project object */ = {
			isa = PBXProject;
			attributes = {
				CLASSPREFIX = Crapp;
				LastUpgradeCheck = 0450;
				ORGANIZATIONNAME = "Crapp!";
			};
			buildConfigurationList = 0A27CED51620623300189813 /* Build configuration list for PBXProject "Crapp" */;
			compatibilityVersion = "Xcode 3.2";
			developmentRegion = English;
			hasScannedForEncodings = 0;
			knownRegions = (
				en,
			);
			mainGroup = 0A27CED01620623300189813;
			productRefGroup = 0A27CEDC1620623300189813 /* Products */;
			projectDirPath = "";
			projectRoot = "";
			targets = (
				0A27CEDA1620623300189813 /* Crapp */,
			);
		};
/* End PBXProject section */

/* Begin PBXResourcesBuildPhase section */
		0A27CED91620623300189813 /* Resources */ = {
			isa = PBXResourcesBuildPhase;
			buildActionMask = 2147483647;
			files = (
				0A27CEEA1620623300189813 /* InfoPlist.strings in Resources */,
				0A27CEF41620623300189813 /* Default@2x.png in Resources */,
				0A27CEF61620623300189813 /* Default-568h@2x.png in Resources */,
				0A27CEFC1620623300189813 /* CrappViewController_iPhone.xib in Resources */,
				0A27CEFF1620623300189813 /* CrappViewController_iPad.xib in Resources */,
				0A27CF22162075A800189813 /* CrappGottaGoViewController.xib in Resources */,
				0A27CF2C1620767000189813 /* CrappSearchViewController.xib in Resources */,
				0A27CF311620769D00189813 /* CrappRatingViewController.xib in Resources */,
				0A27CF37162076B300189813 /* CrappLogViewController.xib in Resources */,
				0A27CF3C162076DA00189813 /* CrappEntertainmentViewController.xib in Resources */,
				0A27CF41162077CB00189813 /* CrappAroundMeViewController.xib in Resources */,
				0A27CF461620782D00189813 /* CrappVirtualStallViewController.xib in Resources */,
				0A27CF4E1620792000189813 /* CrappNewsViewController.xib in Resources */,
				0A27CF5416207E5700189813 /* CrappAddRatingViewController.xib in Resources */,
				0A27CF771620B25900189813 /* map.txt in Resources */,
				0A27CF921620E5C900189813 /* Icon-AroundMe.png in Resources */,
				0A27CF931620E5C900189813 /* Icon-AroundMe@2x.png in Resources */,
				0A27CF941620E5C900189813 /* Icon-BathroomLog.png in Resources */,
				0A27CF951620E5C900189813 /* Icon-BathroomLog@2x.png in Resources */,
				0A27CF961620E5C900189813 /* Icon-Entertainment.png in Resources */,
				0A27CF971620E5C900189813 /* Icon-Entertainment@2x.png in Resources */,
				0A27CF981620E5C900189813 /* Icon-News.png in Resources */,
				0A27CF991620E5C900189813 /* Icon-News@2x.png in Resources */,
				0A27CF9A1620E5C900189813 /* Icon-Ratings.png in Resources */,
				0A27CF9B1620E5C900189813 /* Icon-Ratings@2x.png in Resources */,
				0A27CF9C1620E5C900189813 /* Icon-VirtualWall.png in Resources */,
				0A27CF9D1620E5C900189813 /* Icon-VirtualWall@2x.png in Resources */,
				0A27CF9F1620E77400189813 /* Default.png in Resources */,
				0A27CFA71621113700189813 /* Icon.png in Resources */,
				0A27CFA916211CCD00189813 /* Icon-Gottago-sm.png in Resources */,
				0A27CFAB16211F4F00189813 /* star.png in Resources */,
				0A1B42E716218F250022AAB5 /* CrappDetailViewController.xib in Resources */,
				0A1B42EC162193EA0022AAB5 /* CrappRateViewController.xib in Resources */,
				0A1B42F116219EB80022AAB5 /* CrappAddBathroomViewController.xib in Resources */,
				0A1B42F61621BB5A0022AAB5 /* background.png in Resources */,
				0A1B42F91621C11C0022AAB5 /* Icon-VirtualStall.png in Resources */,
				0A1B42FA1621C11C0022AAB5 /* Icon-VirtualStall@2x.png in Resources */,
			);
			runOnlyForDeploymentPostprocessing = 0;
		};
/* End PBXResourcesBuildPhase section */

/* Begin PBXSourcesBuildPhase section */
		0A27CED71620623300189813 /* Sources */ = {
			isa = PBXSourcesBuildPhase;
			buildActionMask = 2147483647;
			files = (
				0A27CEEC1620623300189813 /* main.m in Sources */,
				0A27CEF01620623300189813 /* CrappAppDelegate.m in Sources */,
				0A27CEF91620623300189813 /* CrappViewController.m in Sources */,
				0A27CF21162075A800189813 /* CrappGottaGoViewController.m in Sources */,
				0A27CF2B1620767000189813 /* CrappSearchViewController.m in Sources */,
				0A27CF301620769D00189813 /* CrappRatingViewController.m in Sources */,
				0A27CF36162076B300189813 /* CrappLogViewController.m in Sources */,
				0A27CF3B162076DA00189813 /* CrappEntertainmentViewController.m in Sources */,
				0A27CF40162077CB00189813 /* CrappAroundMeViewController.m in Sources */,
				0A27CF451620782D00189813 /* CrappVirtualStallViewController.m in Sources */,
				0A27CF4D1620792000189813 /* CrappNewsViewController.m in Sources */,
				0A27CF5316207E5700189813 /* CrappAddRatingViewController.m in Sources */,
				0A27CF571620828F00189813 /* CrappAddRatingCell.m in Sources */,
				0A27CF5A1620844E00189813 /* CrappNewsCell.m in Sources */,
				0A27CF5D1620852100189813 /* CrappListingCell.m in Sources */,
				0A27CF64162096B200189813 /* CCEFeedManager.m in Sources */,
				0A27CF671620981700189813 /* CrappModel.xcdatamodeld in Sources */,
				0A27CF6A162098C600189813 /* CrappFeedHandler.m in Sources */,
				0A27CF6D16209C6800189813 /* CrappLocationManager.m in Sources */,
				0A27CF701620A0A900189813 /* CrappBathroomCellView.m in Sources */,
				0A27CF751620B14600189813 /* CrappMapContainer.m in Sources */,
				0A27CF7B1620E40C00189813 /* BathroomReview.m in Sources */,
				0A27CF7E1620E40F00189813 /* NewsItem.m in Sources */,
				0A27CF841620E41000189813 /* BathroomScore.m in Sources */,
				0A27CFA2162107AA00189813 /* JSONKit.m in Sources */,
				0A27CFA516210F2F00189813 /* Bathroom.m in Sources */,
				0A1B42E616218F250022AAB5 /* CrappDetailViewController.m in Sources */,
				0A1B42EB162193EA0022AAB5 /* CrappRateViewController.m in Sources */,
				0A1B42F016219EB80022AAB5 /* CrappAddBathroomViewController.m in Sources */,
				0A1B42F41621A1C30022AAB5 /* CrappCheckBoxView.m in Sources */,
			);
			runOnlyForDeploymentPostprocessing = 0;
		};
/* End PBXSourcesBuildPhase section */

/* Begin PBXVariantGroup section */
		0A27CEE81620623300189813 /* InfoPlist.strings */ = {
			isa = PBXVariantGroup;
			children = (
				0A27CEE91620623300189813 /* en */,
			);
			name = InfoPlist.strings;
			sourceTree = "<group>";
		};
		0A27CEFA1620623300189813 /* CrappViewController_iPhone.xib */ = {
			isa = PBXVariantGroup;
			children = (
				0A27CEFB1620623300189813 /* en */,
			);
			name = CrappViewController_iPhone.xib;
			sourceTree = "<group>";
		};
		0A27CEFD1620623300189813 /* CrappViewController_iPad.xib */ = {
			isa = PBXVariantGroup;
			children = (
				0A27CEFE1620623300189813 /* en */,
			);
			name = CrappViewController_iPad.xib;
			sourceTree = "<group>";
		};
/* End PBXVariantGroup section */

/* Begin XCBuildConfiguration section */
		0A27CF001620623300189813 /* Debug */ = {
			isa = XCBuildConfiguration;
			buildSettings = {
				ALWAYS_SEARCH_USER_PATHS = NO;
				CLANG_CXX_LANGUAGE_STANDARD = "gnu++0x";
				CLANG_CXX_LIBRARY = "libc++";
				CLANG_WARN_EMPTY_BODY = YES;
				CLANG_WARN__DUPLICATE_METHOD_MATCH = YES;
				"CODE_SIGN_IDENTITY[sdk=iphoneos*]" = "iPhone Developer";
				COPY_PHASE_STRIP = NO;
				GCC_C_LANGUAGE_STANDARD = gnu99;
				GCC_DYNAMIC_NO_PIC = NO;
				GCC_OPTIMIZATION_LEVEL = 0;
				GCC_PREPROCESSOR_DEFINITIONS = (
					"DEBUG=1",
					"$(inherited)",
				);
				GCC_SYMBOLS_PRIVATE_EXTERN = NO;
				GCC_WARN_ABOUT_RETURN_TYPE = YES;
				GCC_WARN_UNINITIALIZED_AUTOS = YES;
				GCC_WARN_UNUSED_VARIABLE = YES;
				IPHONEOS_DEPLOYMENT_TARGET = 6.0;
				SDKROOT = iphoneos;
				TARGETED_DEVICE_FAMILY = "1,2";
			};
			name = Debug;
		};
		0A27CF011620623300189813 /* Release */ = {
			isa = XCBuildConfiguration;
			buildSettings = {
				ALWAYS_SEARCH_USER_PATHS = NO;
				CLANG_CXX_LANGUAGE_STANDARD = "gnu++0x";
				CLANG_CXX_LIBRARY = "libc++";
				CLANG_WARN_EMPTY_BODY = YES;
				CLANG_WARN__DUPLICATE_METHOD_MATCH = YES;
				"CODE_SIGN_IDENTITY[sdk=iphoneos*]" = "iPhone Developer";
				COPY_PHASE_STRIP = YES;
				GCC_C_LANGUAGE_STANDARD = gnu99;
				GCC_WARN_ABOUT_RETURN_TYPE = YES;
				GCC_WARN_UNINITIALIZED_AUTOS = YES;
				GCC_WARN_UNUSED_VARIABLE = YES;
				IPHONEOS_DEPLOYMENT_TARGET = 6.0;
				OTHER_CFLAGS = "-DNS_BLOCK_ASSERTIONS=1";
				SDKROOT = iphoneos;
				TARGETED_DEVICE_FAMILY = "1,2";
				VALIDATE_PRODUCT = YES;
			};
			name = Release;
		};
		0A27CF031620623300189813 /* Debug */ = {
			isa = XCBuildConfiguration;
			buildSettings = {
				FRAMEWORK_SEARCH_PATHS = (
					"$(inherited)",
					"\"$(SRCROOT)/Crapp\"",
				);
				GCC_PRECOMPILE_PREFIX_HEADER = YES;
				GCC_PREFIX_HEADER = "Crapp/Crapp-Prefix.pch";
				INFOPLIST_FILE = "Crapp/Crapp-Info.plist";
				PRODUCT_NAME = "$(TARGET_NAME)";
				WRAPPER_EXTENSION = app;
			};
			name = Debug;
		};
		0A27CF041620623300189813 /* Release */ = {
			isa = XCBuildConfiguration;
			buildSettings = {
				FRAMEWORK_SEARCH_PATHS = (
					"$(inherited)",
					"\"$(SRCROOT)/Crapp\"",
				);
				GCC_PRECOMPILE_PREFIX_HEADER = YES;
				GCC_PREFIX_HEADER = "Crapp/Crapp-Prefix.pch";
				INFOPLIST_FILE = "Crapp/Crapp-Info.plist";
				PRODUCT_NAME = "$(TARGET_NAME)";
				WRAPPER_EXTENSION = app;
			};
			name = Release;
		};
/* End XCBuildConfiguration section */

/* Begin XCConfigurationList section */
		0A27CED51620623300189813 /* Build configuration list for PBXProject "Crapp" */ = {
			isa = XCConfigurationList;
			buildConfigurations = (
				0A27CF001620623300189813 /* Debug */,
				0A27CF011620623300189813 /* Release */,
			);
			defaultConfigurationIsVisible = 0;
			defaultConfigurationName = Release;
		};
		0A27CF021620623300189813 /* Build configuration list for PBXNativeTarget "Crapp" */ = {
			isa = XCConfigurationList;
			buildConfigurations = (
				0A27CF031620623300189813 /* Debug */,
				0A27CF041620623300189813 /* Release */,
			);
			defaultConfigurationIsVisible = 0;
			defaultConfigurationName = Release;
		};
/* End XCConfigurationList section */

/* Begin XCVersionGroup section */
		0A27CF651620981700189813 /* CrappModel.xcdatamodeld */ = {
			isa = XCVersionGroup;
			children = (
				0A27CF661620981700189813 /* CrappModel.xcdatamodel */,
			);
			currentVersion = 0A27CF661620981700189813 /* CrappModel.xcdatamodel */;
			path = CrappModel.xcdatamodeld;
			sourceTree = "<group>";
			versionGroupType = wrapper.xcdatamodel;
		};
/* End XCVersionGroup section */
	};
	rootObject = 0A27CED21620623300189813 /* Project object */;
}
